
Microsoft Visual Studio Solution File, Format Version 12.00
# Visual Studio Version 17
VisualStudioVersion = 17.0.32112.339
MinimumVisualStudioVersion = 10.0.40219.1
Project("{FAE04EC0-301F-11D3-BF4B-00C04F79EFBC}") = "calculator", "calculator\calculator.csproj", "{1A3D49AF-2A08-46D9-977D-F90ABD3E7A48}"
EndProject
Global
	GlobalSection(SolutionConfigurationPlatforms) = preSolution
		Debug|Any CPU = Debug|Any CPU
		Release|Any CPU = Release|Any CPU
	EndGlobalSection
	GlobalSection(ProjectConfigurationPlatforms) = postSolution
		{1A3D49AF-2A08-46D9-977D-F90ABD3E7A48}.Debug|Any CPU.ActiveCfg = Debug|Any CPU
		{1A3D49AF-2A08-46D9-977D-F90ABD3E7A48}.Debug|Any CPU.Build.0 = Debug|Any CPU
		{1A3D49AF-2A08-46D9-977D-F90ABD3E7A48}.Release|Any CPU.ActiveCfg = Release|Any CPU
		{1A3D49AF-2A08-46D9-977D-F90ABD3E7A48}.Release|Any CPU.Build.0 = Release|Any CPU
	EndGlobalSection
	GlobalSection(SolutionProperties) = preSolution
		HideSolutionNode = FALSE
	EndGlobalSection
	GlobalSection(ExtensibilityGlobals) = postSolution
		SolutionGuid = {926D9748-D851-4492-AB4F-1950976815B1}
	EndGlobalSection
EndGlobal
