
Microsoft Visual Studio Solution File, Format Version 12.00
# Visual Studio Version 17
VisualStudioVersion = 17.0.32112.339
MinimumVisualStudioVersion = 10.0.40219.1
Project("{FAE04EC0-301F-11D3-BF4B-00C04F79EFBC}") = "firs_winform_project", "firs_winform_project\firs_winform_project.csproj", "{216C5C95-3C48-41C1-82A3-53622A8830CE}"
EndProject
Project("{FAE04EC0-301F-11D3-BF4B-00C04F79EFBC}") = "messageBox", "messageBox\messageBox.csproj", "{6D792D5A-ABD1-44A9-9FFF-CEE3B33EE611}"
EndProject
Global
	GlobalSection(SolutionConfigurationPlatforms) = preSolution
		Debug|Any CPU = Debug|Any CPU
		Release|Any CPU = Release|Any CPU
	EndGlobalSection
	GlobalSection(ProjectConfigurationPlatforms) = postSolution
		{216C5C95-3C48-41C1-82A3-53622A8830CE}.Debug|Any CPU.ActiveCfg = Debug|Any CPU
		{216C5C95-3C48-41C1-82A3-53622A8830CE}.Debug|Any CPU.Build.0 = Debug|Any CPU
		{216C5C95-3C48-41C1-82A3-53622A8830CE}.Release|Any CPU.ActiveCfg = Release|Any CPU
		{216C5C95-3C48-41C1-82A3-53622A8830CE}.Release|Any CPU.Build.0 = Release|Any CPU
		{6D792D5A-ABD1-44A9-9FFF-CEE3B33EE611}.Debug|Any CPU.ActiveCfg = Debug|Any CPU
		{6D792D5A-ABD1-44A9-9FFF-CEE3B33EE611}.Debug|Any CPU.Build.0 = Debug|Any CPU
		{6D792D5A-ABD1-44A9-9FFF-CEE3B33EE611}.Release|Any CPU.ActiveCfg = Release|Any CPU
		{6D792D5A-ABD1-44A9-9FFF-CEE3B33EE611}.Release|Any CPU.Build.0 = Release|Any CPU
	EndGlobalSection
	GlobalSection(SolutionProperties) = preSolution
		HideSolutionNode = FALSE
	EndGlobalSection
	GlobalSection(ExtensibilityGlobals) = postSolution
		SolutionGuid = {C5FC2E1D-7496-483F-BE52-F8865F9CEF89}
	EndGlobalSection
EndGlobal
